// !$*UTF8*$!
{
	archiveVersion = 1;
	classes = {
	};
	objectVersion = 56;
	objects = {

/* Begin PBXAggregateTarget section */
		EEB130B2226D34F3B00543A7 /* JCOTPComponentGenerator */ = {
			isa = PBXAggregateTarget;
			buildConfigurationList = ED62678A1B3B8E6E2FB6F269 /* Build configuration list for PBXAggregateTarget "JCOTPComponentGenerator" */;
			buildPhases = (
				1181B57C0ABF729F529872A6 /* XCframework */,
			);
			dependencies = (
			);
			name = JCOTPComponentGenerator;
			productName = JCOTPComponentGenerator;
		};
/* End PBXAggregateTarget section */

/* Begin PBXBuildFile section */
		08DF075EDAAEF5E28E8E4301 /* LaunchScreen.storyboard in Resources */ = {isa = PBXBuildFile; fileRef = C08B08DCF0BA02D04CE2D849 /* LaunchScreen.storyboard */; };
		37614D9D00AC4251DCA42FAF /* ViewController.swift in Sources */ = {isa = PBXBuildFile; fileRef = 468CF71F70EBDDC5EE674209 /* ViewController.swift */; };
		387BDE65B85B5F443213F4E6 /* AppDelegate.swift in Sources */ = {isa = PBXBuildFile; fileRef = 41B0C384F6903BF5AFEC7106 /* AppDelegate.swift */; };
		7E5E871A94B0A29BBA3DC669 /* Pods_JCOTPComponentApp.framework in Frameworks */ = {isa = PBXBuildFile; fileRef = 3D3648DC46D6B01C14EB22FB /* Pods_JCOTPComponentApp.framework */; };
/* End PBXBuildFile section */

/* Begin PBXFileReference section */
		3D3648DC46D6B01C14EB22FB /* Pods_JCOTPComponentApp.framework */ = {isa = PBXFileReference; explicitFileType = wrapper.framework; includeInIndex = 0; path = Pods_JCOTPComponentApp.framework; sourceTree = BUILT_PRODUCTS_DIR; };
		41B0C384F6903BF5AFEC7106 /* AppDelegate.swift */ = {isa = PBXFileReference; lastKnownFileType = sourcecode.swift; path = AppDelegate.swift; sourceTree = "<group>"; };
		468CF71F70EBDDC5EE674209 /* ViewController.swift */ = {isa = PBXFileReference; lastKnownFileType = sourcecode.swift; path = ViewController.swift; sourceTree = "<group>"; };
		58F367522E124E2DDDE4F2F2 /* Info.plist */ = {isa = PBXFileReference; lastKnownFileType = text.plist; path = Info.plist; sourceTree = "<group>"; };
		68D00213AD924DD865C207B3 /* Pods-JCOTPComponentApp.debug.xcconfig */ = {isa = PBXFileReference; includeInIndex = 1; lastKnownFileType = text.xcconfig; name = "Pods-JCOTPComponentApp.debug.xcconfig"; path = "Target Support Files/Pods-JCOTPComponentApp/Pods-JCOTPComponentApp.debug.xcconfig"; sourceTree = "<group>"; };
		D981D785F5C4CF4AE18B242B /* JCOTPComponentApp.app */ = {isa = PBXFileReference; includeInIndex = 0; lastKnownFileType = wrapper.application; path = JCOTPComponentApp.app; sourceTree = BUILT_PRODUCTS_DIR; };
		EBAE428ED0C78DB93CF241A5 /* Base */ = {isa = PBXFileReference; lastKnownFileType = file.storyboard; name = Base; path = Base.lproj/LaunchScreen.storyboard; sourceTree = "<group>"; };
		FC521FB20B388885B991093B /* Pods-JCOTPComponentApp.release.xcconfig */ = {isa = PBXFileReference; includeInIndex = 1; lastKnownFileType = text.xcconfig; name = "Pods-JCOTPComponentApp.release.xcconfig"; path = "Target Support Files/Pods-JCOTPComponentApp/Pods-JCOTPComponentApp.release.xcconfig"; sourceTree = "<group>"; };
/* End PBXFileReference section */

/* Begin PBXFrameworksBuildPhase section */
		EDA2CF09957D372A677FDBF8 /* Frameworks */ = {
			isa = PBXFrameworksBuildPhase;
			buildActionMask = 2147483647;
			files = (
				7E5E871A94B0A29BBA3DC669 /* Pods_JCOTPComponentApp.framework in Frameworks */,
			);
			runOnlyForDeploymentPostprocessing = 0;
		};
/* End PBXFrameworksBuildPhase section */

/* Begin PBXGroup section */
		7C9F783390DD377A9FAF83C9 = {
			isa = PBXGroup;
			children = (
				F99E53ACC9FB41A457BF7D56 /* App */,
				805C1EB24D6BF12B242490ED /* Products */,
				A18B0D52742E2E95F2139DBD /* Pods */,
				B524B315F95C67913FFB8DD3 /* Frameworks */,
			);
			sourceTree = "<group>";
		};
		805C1EB24D6BF12B242490ED /* Products */ = {
			isa = PBXGroup;
			children = (
				D981D785F5C4CF4AE18B242B /* JCOTPComponentApp.app */,
			);
			name = Products;
			sourceTree = "<group>";
		};
		A18B0D52742E2E95F2139DBD /* Pods */ = {
			isa = PBXGroup;
			children = (
				68D00213AD924DD865C207B3 /* Pods-JCOTPComponentApp.debug.xcconfig */,
				FC521FB20B388885B991093B /* Pods-JCOTPComponentApp.release.xcconfig */,
			);
			name = Pods;
			path = Pods;
			sourceTree = "<group>";
		};
		A878088D532D57754E655E29 /* Resources */ = {
			isa = PBXGroup;
			children = (
				58F367522E124E2DDDE4F2F2 /* Info.plist */,
			);
			path = Resources;
			sourceTree = "<group>";
		};
		B524B315F95C67913FFB8DD3 /* Frameworks */ = {
			isa = PBXGroup;
			children = (
				3D3648DC46D6B01C14EB22FB /* Pods_JCOTPComponentApp.framework */,
			);
			name = Frameworks;
			sourceTree = "<group>";
		};
		F99E53ACC9FB41A457BF7D56 /* App */ = {
			isa = PBXGroup;
			children = (
				41B0C384F6903BF5AFEC7106 /* AppDelegate.swift */,
				C08B08DCF0BA02D04CE2D849 /* LaunchScreen.storyboard */,
				468CF71F70EBDDC5EE674209 /* ViewController.swift */,
				A878088D532D57754E655E29 /* Resources */,
			);
			path = App;
			sourceTree = "<group>";
		};
/* End PBXGroup section */

/* Begin PBXNativeTarget section */
		EB8A60DF768D5727E7BF358D /* JCOTPComponentApp */ = {
			isa = PBXNativeTarget;
			buildConfigurationList = 6C20D39345DB64DD110868D6 /* Build configuration list for PBXNativeTarget "JCOTPComponentApp" */;
			buildPhases = (
				0A84EACD230DAB8012AA806F /* [CP] Check Pods Manifest.lock */,
				0E8A9C9BFE93F85E24885042 /* Sources */,
				067FEC4D74191A47A8968529 /* Resources */,
				EDA2CF09957D372A677FDBF8 /* Frameworks */,
				C2A9F613F336D37547F36B02 /* [CP] Embed Pods Frameworks */,
			);
			buildRules = (
			);
			dependencies = (
			);
			name = JCOTPComponentApp;
			productName = JCOTPComponentApp;
			productReference = D981D785F5C4CF4AE18B242B /* JCOTPComponentApp.app */;
			productType = "com.apple.product-type.application";
		};
/* End PBXNativeTarget section */

/* Begin PBXProject section */
		5D869B72F6003A201728DC14 /* Project object */ = {
			isa = PBXProject;
			attributes = {
				BuildIndependentTargetsInParallel = YES;
				LastUpgradeCheck = 1430;
				TargetAttributes = {
					EB8A60DF768D5727E7BF358D = {
						DevelopmentTeam = "";
					};
				};
			};
			buildConfigurationList = BAB227CBCB4804103233C080 /* Build configuration list for PBXProject "JCOTPComponent" */;
			compatibilityVersion = "Xcode 14.0";
			developmentRegion = en;
			hasScannedForEncodings = 0;
			knownRegions = (
				Base,
				en,
			);
			mainGroup = 7C9F783390DD377A9FAF83C9;
			productRefGroup = 805C1EB24D6BF12B242490ED /* Products */;
			projectDirPath = "";
			projectRoot = "";
			targets = (
				EB8A60DF768D5727E7BF358D /* JCOTPComponentApp */,
				EEB130B2226D34F3B00543A7 /* JCOTPComponentGenerator */,
			);
		};
/* End PBXProject section */

/* Begin PBXResourcesBuildPhase section */
		067FEC4D74191A47A8968529 /* Resources */ = {
			isa = PBXResourcesBuildPhase;
			buildActionMask = 2147483647;
			files = (
				08DF075EDAAEF5E28E8E4301 /* LaunchScreen.storyboard in Resources */,
			);
			runOnlyForDeploymentPostprocessing = 0;
		};
/* End PBXResourcesBuildPhase section */

/* Begin PBXShellScriptBuildPhase section */
		0A84EACD230DAB8012AA806F /* [CP] Check Pods Manifest.lock */ = {
			isa = PBXShellScriptBuildPhase;
			buildActionMask = 2147483647;
			files = (
			);
			inputFileListPaths = (
			);
			inputPaths = (
				"${PODS_PODFILE_DIR_PATH}/Podfile.lock",
				"${PODS_ROOT}/Manifest.lock",
			);
			name = "[CP] Check Pods Manifest.lock";
			outputFileListPaths = (
			);
			outputPaths = (
				"$(DERIVED_FILE_DIR)/Pods-JCOTPComponentApp-checkManifestLockResult.txt",
			);
			runOnlyForDeploymentPostprocessing = 0;
			shellPath = /bin/sh;
			shellScript = "diff \"${PODS_PODFILE_DIR_PATH}/Podfile.lock\" \"${PODS_ROOT}/Manifest.lock\" > /dev/null\nif [ $? != 0 ] ; then\n    # print error to STDERR\n    echo \"error: The sandbox is not in sync with the Podfile.lock. Run 'pod install' or update your CocoaPods installation.\" >&2\n    exit 1\nfi\n# This output is used by Xcode 'outputs' to avoid re-running this script phase.\necho \"SUCCESS\" > \"${SCRIPT_OUTPUT_FILE_0}\"\n";
			showEnvVarsInLog = 0;
		};
		1181B57C0ABF729F529872A6 /* XCframework */ = {
			isa = PBXShellScriptBuildPhase;
			buildActionMask = 2147483647;
			files = (
			);
			inputFileListPaths = (
			);
			inputPaths = (
			);
			name = XCframework;
			outputFileListPaths = (
			);
			outputPaths = (
			);
			runOnlyForDeploymentPostprocessing = 0;
			shellPath = /bin/sh;
			shellScript = "# Release dir path\nOUTPUT_DIR_PATH=\"${PROJECT_DIR}/XCFramework\"\n\n\nfunction archivePathSimulator {\n  local DIR=${OUTPUT_DIR_PATH}/archives/\"${1}-SIMULATOR\"\n  echo \"${DIR}\"\n}\n\nfunction archivePathDevice {\n  local DIR=${OUTPUT_DIR_PATH}/archives/\"${1}-DEVICE\"\n  echo \"${DIR}\"\n}\n\n# Archive takes 3 params\n#\n# 1st == SCHEME\n# 2nd == destination\n# 3rd == archivePath\nfunction archive {\n    echo \"▸ Starts archiving the scheme: ${1} for destination: ${2};\\n▸ Archive path: ${3}.xcarchive\"\n    xcodebuild clean archive \\\n    -workspace \"${PROJECT_NAME}.xcworkspace\" \\\n    -scheme ${1} \\\n    -configuration ${CONFIGURATION} \\\n    -destination \"${2}\" \\\n    -archivePath \"${3}\" \\\n    SKIP_INSTALL=NO \\\n    OTHER_SWIFT_FLAGS=\"-D NOTRIAL_VERSION\" \\\n    ENABLE_BITCODE=NO \\\n    OBJROOT=\"${OBJROOT}/DependentBuilds\" \\\n    BUILD_LIBRARY_FOR_DISTRIBUTION=YES | xcpretty\n}\n\n# Builds archive for iOS simulator & device\nfunction buildArchive {\n  SCHEME=${1}\n\n  archive $SCHEME \"generic/platform=iOS Simulator\" $(archivePathSimulator $SCHEME)\n  archive $SCHEME \"generic/platform=iOS\" $(archivePathDevice $SCHEME)\n}\n\n# Creates xc framework\nfunction createXCFramework {\n  FRAMEWORK_ARCHIVE_PATH_POSTFIX=\".xcarchive/Products/Library/Frameworks\"\n  FRAMEWORK_SIMULATOR_DIR=\"$(archivePathSimulator $1)${FRAMEWORK_ARCHIVE_PATH_POSTFIX}\"\n  FRAMEWORK_DEVICE_DIR=\"$(archivePathDevice $1)${FRAMEWORK_ARCHIVE_PATH_POSTFIX}\"\n\n  xcodebuild -create-xcframework \\\n            -framework ${FRAMEWORK_SIMULATOR_DIR}/${1}.framework \\\n            -framework ${FRAMEWORK_DEVICE_DIR}/${1}.framework \\\n            -output ${OUTPUT_DIR_PATH}/xcframeworks/${1}.xcframework\n\n}\n\n### Static Libraries cant be turned into frameworks\nfunction createXCFrameworkForStaticLibrary {\n\n  LIBRARY_ARCHIVE_PATH_POSTFIX=\".xcarchive/Products/usr/local/lib\"\n  LIBRARY_SIMULATOR_DIR=\"$(archivePathSimulator $1)${LIBRARY_ARCHIVE_PATH_POSTFIX}\"\n  LIBRARY_DEVICE_DIR=\"$(archivePathDevice $1)${LIBRARY_ARCHIVE_PATH_POSTFIX}\"\n\n  xcodebuild -create-xcframework \\\n            -library ${LIBRARY_SIMULATOR_DIR}/libStaticLibrary.a \\\n            -library ${LIBRARY_DEVICE_DIR}/libStaticLibrary.a \\\n            -output ${OUTPUT_DIR_PATH}/xcframeworks/${1}.xcframework\n}\n\necho \"#####################\"\necho \"▸ Cleaning the dir: ${OUTPUT_DIR_PATH}\"\nrm -rf $OUTPUT_DIR_PATH\n\n#### Dynamic Framework ####\n\nDYNAMIC_FRAMEWORK=\"${PROJECT_NAME}\"\n\necho \"▸ Archive $DYNAMIC_FRAMEWORK\"\nbuildArchive ${DYNAMIC_FRAMEWORK}\n\necho \"▸ Create $DYNAMIC_FRAMEWORK.xcframework\"\ncreateXCFramework ${DYNAMIC_FRAMEWORK}\n";
		};
		C2A9F613F336D37547F36B02 /* [CP] Embed Pods Frameworks */ = {
			isa = PBXShellScriptBuildPhase;
			buildActionMask = 2147483647;
			files = (
			);
			inputFileListPaths = (
				"${PODS_ROOT}/Target Support Files/Pods-JCOTPComponentApp/Pods-JCOTPComponentApp-frameworks-${CONFIGURATION}-input-files.xcfilelist",
			);
			name = "[CP] Embed Pods Frameworks";
			outputFileListPaths = (
				"${PODS_ROOT}/Target Support Files/Pods-JCOTPComponentApp/Pods-JCOTPComponentApp-frameworks-${CONFIGURATION}-output-files.xcfilelist",
			);
			runOnlyForDeploymentPostprocessing = 0;
			shellPath = /bin/sh;
			shellScript = "\"${PODS_ROOT}/Target Support Files/Pods-JCOTPComponentApp/Pods-JCOTPComponentApp-frameworks.sh\"\n";
			showEnvVarsInLog = 0;
		};
/* End PBXShellScriptBuildPhase section */

/* Begin PBXSourcesBuildPhase section */
		0E8A9C9BFE93F85E24885042 /* Sources */ = {
			isa = PBXSourcesBuildPhase;
			buildActionMask = 2147483647;
			files = (
				387BDE65B85B5F443213F4E6 /* AppDelegate.swift in Sources */,
				37614D9D00AC4251DCA42FAF /* ViewController.swift in Sources */,
			);
			runOnlyForDeploymentPostprocessing = 0;
		};
/* End PBXSourcesBuildPhase section */

/* Begin PBXVariantGroup section */
		C08B08DCF0BA02D04CE2D849 /* LaunchScreen.storyboard */ = {
			isa = PBXVariantGroup;
			children = (
				EBAE428ED0C78DB93CF241A5 /* Base */,
			);
			name = LaunchScreen.storyboard;
			sourceTree = "<group>";
		};
/* End PBXVariantGroup section */

/* Begin XCBuildConfiguration section */
		79AF8A9E48ECD7E08E5F2082 /* Debug */ = {
			isa = XCBuildConfiguration;
			buildSettings = {
				ALWAYS_SEARCH_USER_PATHS = NO;
				CLANG_ANALYZER_NONNULL = YES;
				CLANG_ANALYZER_NUMBER_OBJECT_CONVERSION = YES_AGGRESSIVE;
				CLANG_CXX_LANGUAGE_STANDARD = "gnu++14";
				CLANG_CXX_LIBRARY = "libc++";
				CLANG_ENABLE_MODULES = YES;
				CLANG_ENABLE_OBJC_ARC = YES;
				CLANG_ENABLE_OBJC_WEAK = YES;
				CLANG_WARN_BLOCK_CAPTURE_AUTORELEASING = YES;
				CLANG_WARN_BOOL_CONVERSION = YES;
				CLANG_WARN_COMMA = YES;
				CLANG_WARN_CONSTANT_CONVERSION = YES;
				CLANG_WARN_DEPRECATED_OBJC_IMPLEMENTATIONS = YES;
				CLANG_WARN_DIRECT_OBJC_ISA_USAGE = YES_ERROR;
				CLANG_WARN_DOCUMENTATION_COMMENTS = YES;
				CLANG_WARN_EMPTY_BODY = YES;
				CLANG_WARN_ENUM_CONVERSION = YES;
				CLANG_WARN_INFINITE_RECURSION = YES;
				CLANG_WARN_INT_CONVERSION = YES;
				CLANG_WARN_NON_LITERAL_NULL_CONVERSION = YES;
				CLANG_WARN_OBJC_IMPLICIT_RETAIN_SELF = YES;
				CLANG_WARN_OBJC_LITERAL_CONVERSION = YES;
				CLANG_WARN_OBJC_ROOT_CLASS = YES_ERROR;
				CLANG_WARN_QUOTED_INCLUDE_IN_FRAMEWORK_HEADER = YES;
				CLANG_WARN_RANGE_LOOP_ANALYSIS = YES;
				CLANG_WARN_STRICT_PROTOTYPES = YES;
				CLANG_WARN_SUSPICIOUS_MOVE = YES;
				CLANG_WARN_UNGUARDED_AVAILABILITY = YES_AGGRESSIVE;
				CLANG_WARN_UNREACHABLE_CODE = YES;
				CLANG_WARN__DUPLICATE_METHOD_MATCH = YES;
				COPY_PHASE_STRIP = NO;
				DEBUG_INFORMATION_FORMAT = dwarf;
				ENABLE_STRICT_OBJC_MSGSEND = YES;
				ENABLE_TESTABILITY = YES;
				GCC_C_LANGUAGE_STANDARD = gnu11;
				GCC_DYNAMIC_NO_PIC = NO;
				GCC_NO_COMMON_BLOCKS = YES;
				GCC_OPTIMIZATION_LEVEL = 0;
				GCC_PREPROCESSOR_DEFINITIONS = (
					"$(inherited)",
					"DEBUG=1",
				);
				GCC_WARN_64_TO_32_BIT_CONVERSION = YES;
				GCC_WARN_ABOUT_RETURN_TYPE = YES_ERROR;
				GCC_WARN_UNDECLARED_SELECTOR = YES;
				GCC_WARN_UNINITIALIZED_AUTOS = YES_AGGRESSIVE;
				GCC_WARN_UNUSED_FUNCTION = YES;
				GCC_WARN_UNUSED_VARIABLE = YES;
				IPHONEOS_DEPLOYMENT_TARGET = 14.0;
				MTL_ENABLE_DEBUG_INFO = INCLUDE_SOURCE;
				MTL_FAST_MATH = YES;
				ONLY_ACTIVE_ARCH = YES;
				PRODUCT_NAME = "$(TARGET_NAME)";
				SDKROOT = iphoneos;
				SWIFT_ACTIVE_COMPILATION_CONDITIONS = DEBUG;
				SWIFT_OPTIMIZATION_LEVEL = "-Onone";
				SWIFT_VERSION = 5.0;
			};
			name = Debug;
		};
		AF1B612B143C247EBC63BFBF /* Release */ = {
			isa = XCBuildConfiguration;
			baseConfigurationReference = FC521FB20B388885B991093B /* Pods-JCOTPComponentApp.release.xcconfig */;
			buildSettings = {
				ASSETCATALOG_COMPILER_APPICON_NAME = AppIcon;
				BUILD_LIBRARIES_FOR_DISTRIBUTION = YES;
				CODE_SIGN_IDENTITY = "iPhone Developer";
				CURRENT_PROJECT_VERSION = 1;
				DEVELOPMENT_TEAM = "";
				ENABLE_BITCODE = NO;
				INFOPLIST_FILE = App/Resources/Info.plist;
				IPHONEOS_DEPLOYMENT_TARGET = 14.0;
				LD_RUNPATH_SEARCH_PATHS = (
					"$(inherited)",
					"@executable_path/Frameworks",
				);
				PRODUCT_BUNDLE_IDENTIFIER = com.jasmin.JCOTPComponentApp;
				SDKROOT = iphoneos;
				TARGETED_DEVICE_FAMILY = 1;
			};
			name = Release;
		};
		B68FAE57731650A12CA98750 /* Debug */ = {
			isa = XCBuildConfiguration;
			buildSettings = {
			};
			name = Debug;
		};
		C9D8B12EED76B038271CB445 /* Release */ = {
			isa = XCBuildConfiguration;
			buildSettings = {
				ALWAYS_SEARCH_USER_PATHS = NO;
				CLANG_ANALYZER_NONNULL = YES;
				CLANG_ANALYZER_NUMBER_OBJECT_CONVERSION = YES_AGGRESSIVE;
				CLANG_CXX_LANGUAGE_STANDARD = "gnu++14";
				CLANG_CXX_LIBRARY = "libc++";
				CLANG_ENABLE_MODULES = YES;
				CLANG_ENABLE_OBJC_ARC = YES;
				CLANG_ENABLE_OBJC_WEAK = YES;
				CLANG_WARN_BLOCK_CAPTURE_AUTORELEASING = YES;
				CLANG_WARN_BOOL_CONVERSION = YES;
				CLANG_WARN_COMMA = YES;
				CLANG_WARN_CONSTANT_CONVERSION = YES;
				CLANG_WARN_DEPRECATED_OBJC_IMPLEMENTATIONS = YES;
				CLANG_WARN_DIRECT_OBJC_ISA_USAGE = YES_ERROR;
				CLANG_WARN_DOCUMENTATION_COMMENTS = YES;
				CLANG_WARN_EMPTY_BODY = YES;
				CLANG_WARN_ENUM_CONVERSION = YES;
				CLANG_WARN_INFINITE_RECURSION = YES;
				CLANG_WARN_INT_CONVERSION = YES;
				CLANG_WARN_NON_LITERAL_NULL_CONVERSION = YES;
				CLANG_WARN_OBJC_IMPLICIT_RETAIN_SELF = YES;
				CLANG_WARN_OBJC_LITERAL_CONVERSION = YES;
				CLANG_WARN_OBJC_ROOT_CLASS = YES_ERROR;
				CLANG_WARN_QUOTED_INCLUDE_IN_FRAMEWORK_HEADER = YES;
				CLANG_WARN_RANGE_LOOP_ANALYSIS = YES;
				CLANG_WARN_STRICT_PROTOTYPES = YES;
				CLANG_WARN_SUSPICIOUS_MOVE = YES;
				CLANG_WARN_UNGUARDED_AVAILABILITY = YES_AGGRESSIVE;
				CLANG_WARN_UNREACHABLE_CODE = YES;
				CLANG_WARN__DUPLICATE_METHOD_MATCH = YES;
				COPY_PHASE_STRIP = NO;
				DEBUG_INFORMATION_FORMAT = "dwarf-with-dsym";
				ENABLE_NS_ASSERTIONS = NO;
				ENABLE_STRICT_OBJC_MSGSEND = YES;
				GCC_C_LANGUAGE_STANDARD = gnu11;
				GCC_NO_COMMON_BLOCKS = YES;
				GCC_WARN_64_TO_32_BIT_CONVERSION = YES;
				GCC_WARN_ABOUT_RETURN_TYPE = YES_ERROR;
				GCC_WARN_UNDECLARED_SELECTOR = YES;
				GCC_WARN_UNINITIALIZED_AUTOS = YES_AGGRESSIVE;
				GCC_WARN_UNUSED_FUNCTION = YES;
				GCC_WARN_UNUSED_VARIABLE = YES;
				IPHONEOS_DEPLOYMENT_TARGET = 14.0;
				MTL_ENABLE_DEBUG_INFO = NO;
				MTL_FAST_MATH = YES;
				PRODUCT_NAME = "$(TARGET_NAME)";
				SDKROOT = iphoneos;
				SWIFT_COMPILATION_MODE = wholemodule;
				SWIFT_OPTIMIZATION_LEVEL = "-O";
				SWIFT_VERSION = 5.0;
			};
			name = Release;
		};
		CDD64B35585FBCF6C9F16DC9 /* Release */ = {
			isa = XCBuildConfiguration;
			buildSettings = {
			};
			name = Release;
		};
		FBECC4C219FEA2DC02390F9A /* Debug */ = {
			isa = XCBuildConfiguration;
			baseConfigurationReference = 68D00213AD924DD865C207B3 /* Pods-JCOTPComponentApp.debug.xcconfig */;
			buildSettings = {
				ASSETCATALOG_COMPILER_APPICON_NAME = AppIcon;
				BUILD_LIBRARIES_FOR_DISTRIBUTION = YES;
				CODE_SIGN_IDENTITY = "iPhone Developer";
				CURRENT_PROJECT_VERSION = 1;
				DEVELOPMENT_TEAM = "";
				ENABLE_BITCODE = NO;
				INFOPLIST_FILE = App/Resources/Info.plist;
				IPHONEOS_DEPLOYMENT_TARGET = 14.0;
				LD_RUNPATH_SEARCH_PATHS = (
					"$(inherited)",
					"@executable_path/Frameworks",
				);
				PRODUCT_BUNDLE_IDENTIFIER = com.jasmin.JCOTPComponentApp;
				SDKROOT = iphoneos;
				TARGETED_DEVICE_FAMILY = 1;
			};
			name = Debug;
		};
/* End XCBuildConfiguration section */

/* Begin XCConfigurationList section */
		6C20D39345DB64DD110868D6 /* Build configuration list for PBXNativeTarget "JCOTPComponentApp" */ = {
			isa = XCConfigurationList;
			buildConfigurations = (
				FBECC4C219FEA2DC02390F9A /* Debug */,
				AF1B612B143C247EBC63BFBF /* Release */,
			);
			defaultConfigurationIsVisible = 0;
			defaultConfigurationName = Debug;
		};
		BAB227CBCB4804103233C080 /* Build configuration list for PBXProject "JCOTPComponent" */ = {
			isa = XCConfigurationList;
			buildConfigurations = (
				79AF8A9E48ECD7E08E5F2082 /* Debug */,
				C9D8B12EED76B038271CB445 /* Release */,
			);
			defaultConfigurationIsVisible = 0;
			defaultConfigurationName = Debug;
		};
		ED62678A1B3B8E6E2FB6F269 /* Build configuration list for PBXAggregateTarget "JCOTPComponentGenerator" */ = {
			isa = XCConfigurationList;
			buildConfigurations = (
				B68FAE57731650A12CA98750 /* Debug */,
				CDD64B35585FBCF6C9F16DC9 /* Release */,
			);
			defaultConfigurationIsVisible = 0;
			defaultConfigurationName = Debug;
		};
/* End XCConfigurationList section */
	};
	rootObject = 5D869B72F6003A201728DC14 /* Project object */;
}
